
Microsoft Visual Studio Solution File, Format Version 12.00
# Visual Studio Version 17
VisualStudioVersion = 17.5.002.0
MinimumVisualStudioVersion = 10.0.40219.1
Project("{9A19103F-16F7-4668-BE54-9A1E7A4F7556}") = "Moment1", "Moment1.csproj", "{7632B838-5FCC-401F-9F8A-6BD3810EF025}"
EndProject
Global
	GlobalSection(SolutionConfigurationPlatforms) = preSolution
		Debug|Any CPU = Debug|Any CPU
		Release|Any CPU = Release|Any CPU
	EndGlobalSection
	GlobalSection(ProjectConfigurationPlatforms) = postSolution
		{7632B838-5FCC-401F-9F8A-6BD3810EF025}.Debug|Any CPU.ActiveCfg = Debug|Any CPU
		{7632B838-5FCC-401F-9F8A-6BD3810EF025}.Debug|Any CPU.Build.0 = Debug|Any CPU
		{7632B838-5FCC-401F-9F8A-6BD3810EF025}.Release|Any CPU.ActiveCfg = Release|Any CPU
		{7632B838-5FCC-401F-9F8A-6BD3810EF025}.Release|Any CPU.Build.0 = Release|Any CPU
	EndGlobalSection
	GlobalSection(SolutionProperties) = preSolution
		HideSolutionNode = FALSE
	EndGlobalSection
	GlobalSection(ExtensibilityGlobals) = postSolution
		SolutionGuid = {2255E9B4-C6A5-49B1-9075-E8EC6AEC08FF}
	EndGlobalSection
EndGlobal
